# THIS IS AN AUTOGENERATED FILE. DO NOT EDIT THIS FILE DIRECTLY.
# yarn lockfile v1


async-disk-cache@^1.2.1:
  version "1.3.3"
  resolved "https://registry.yarnpkg.com/async-disk-cache/-/async-disk-cache-1.3.3.tgz#6040486660b370e4051cd9fa9fee275e1fae3728"
  integrity sha512-GyaWSbDAZCltxSobtj1m1ptXa0+zSdjWs3sM4IqnvhoRwMDHW5786sXQ1RiXbR3ZGuQe6NXMB4N0vUmW163cew==
  dependencies:
    debug "^2.1.3"
    heimdalljs "^0.2.3"
    istextorbinary "2.1.0"
    mkdirp "^0.5.0"
    rimraf "^2.5.3"
    rsvp "^3.0.18"
    username-sync "1.0.1"

async-promise-queue@^1.0.3:
  version "1.0.4"
  resolved "https://registry.yarnpkg.com/async-promise-queue/-/async-promise-queue-1.0.4.tgz#308baafbc74aff66a0bb6e7f4a18d4fe8434440c"
  integrity sha512-GQ5X3DT+TefYuFPHdvIPXFTlKnh39U7dwtl+aUBGeKjMea9nBpv3c91DXgeyBQmY07vQ97f3Sr9XHqkamEameQ==
  dependencies:
    async "^2.4.1"
    debug "^2.6.8"

async@^2.4.1:
  version "2.6.1"
  resolved "https://registry.yarnpkg.com/async/-/async-2.6.1.tgz#b245a23ca71930044ec53fa46aa00a3e87c6a610"
  integrity sha512-fNEiL2+AZt6AlAw/29Cr0UDe4sRAHCpEHh54WMz+Bb7QfNcFw4h3loofyJpLeQs4Yx7yuqu/2dLgM5hKOs6HlQ==
  dependencies:
    lodash "^4.17.10"

balanced-match@^1.0.0:
  version "1.0.0"
  resolved "https://registry.yarnpkg.com/balanced-match/-/balanced-match-1.0.0.tgz#89b4d199ab2bee49de164ea02b89ce462d71b767"
  integrity sha1-ibTRmasr7kneFk6gK4nORi1xt2c=

"binaryextensions@1 || 2":
  version "2.1.2"
  resolved "https://registry.yarnpkg.com/binaryextensions/-/binaryextensions-2.1.2.tgz#c83c3d74233ba7674e4f313cb2a2b70f54e94b7c"
  integrity sha512-xVNN69YGDghOqCCtA6FI7avYrr02mTJjOgB0/f1VPD3pJC8QEvjTKWc4epDx8AqxxA75NI0QpVM2gPJXUbE4Tg==

brace-expansion@^1.1.7:
  version "1.1.11"
  resolved "https://registry.yarnpkg.com/brace-expansion/-/brace-expansion-1.1.11.tgz#3c7fcbf529d87226f3d2f52b966ff5271eb441dd"
  integrity sha512-iCuPHDFgrHX7H2vEI/5xpz07zSHB00TpugqhmYtVmMO6518mCuRMoOYFldEBl0g187ufozdaHgWKcYFb61qGiA==
  dependencies:
    balanced-match "^1.0.0"
    concat-map "0.0.1"

broccoli-kitchen-sink-helpers@^0.3.1:
  version "0.3.1"
  resolved "https://registry.yarnpkg.com/broccoli-kitchen-sink-helpers/-/broccoli-kitchen-sink-helpers-0.3.1.tgz#77c7c18194b9664163ec4fcee2793444926e0c06"
  integrity sha1-d8fBgZS5ZkFj7E/O4nk0RJJuDAY=
  dependencies:
    glob "^5.0.10"
    mkdirp "^0.5.1"

broccoli-persistent-filter@^2.1.1:
  version "2.1.1"
  resolved "https://registry.yarnpkg.com/broccoli-persistent-filter/-/broccoli-persistent-filter-2.1.1.tgz#7bb2b1015baedf5cf58b5b2608495f3d78f81b12"
  integrity sha512-2VCbLJqMg/AWJ6WTmv83X13a6DD3BS7Gngc932jrg1snVqsB8LJDyJh+Hd9v1tQ/vMA+4vbWgwk4tDmI/tAZWg==
  dependencies:
    async-disk-cache "^1.2.1"
    async-promise-queue "^1.0.3"
    broccoli-plugin "^1.0.0"
    fs-tree-diff "^0.5.2"
    hash-for-dep "^1.0.2"
    heimdalljs "^0.2.1"
    heimdalljs-logger "^0.1.7"
    mkdirp "^0.5.1"
    promise-map-series "^0.2.1"
    rimraf "^2.6.1"
    rsvp "^4.7.0"
    symlink-or-copy "^1.0.1"
    walk-sync "^0.3.1"

broccoli-plugin@^1.0.0:
  version "1.3.1"
  resolved "https://registry.yarnpkg.com/broccoli-plugin/-/broccoli-plugin-1.3.1.tgz#a26315732fb99ed2d9fb58f12a1e14e986b4fabd"
  integrity sha512-DW8XASZkmorp+q7J4EeDEZz+LoyKLAd2XZULXyD9l4m9/hAKV3vjHmB1kiUshcWAYMgTP1m2i4NnqCE/23h6AQ==
  dependencies:
    promise-map-series "^0.2.1"
    quick-temp "^0.1.3"
    rimraf "^2.3.4"
    symlink-or-copy "^1.1.8"

concat-map@0.0.1:
  version "0.0.1"
  resolved "https://registry.yarnpkg.com/concat-map/-/concat-map-0.0.1.tgz#d8a96bd77fd68df7793a73036a3ba0d5405d477b"
  integrity sha1-2Klr13/Wjfd5OnMDajug1UBdR3s=

debug@^2.1.3, debug@^2.2.0, debug@^2.6.8:
  version "2.6.9"
  resolved "https://registry.yarnpkg.com/debug/-/debug-2.6.9.tgz#5d128515df134ff327e90a4c93f4e077a536341f"
  integrity sha512-bC7ElrdJaJnPbAP+1EotYvqZsb3ecl5wi6Bfi6BJTUcNowp6cvspg0jXznRTKDjm/E7AdgFBVeAPVMNcKGsHMA==
  dependencies:
    ms "2.0.0"

editions@^1.1.1:
  version "1.3.4"
  resolved "https://registry.yarnpkg.com/editions/-/editions-1.3.4.tgz#3662cb592347c3168eb8e498a0ff73271d67f50b"
  integrity sha512-gzao+mxnYDzIysXKMQi/+M1mjy/rjestjg6OPoYTtI+3Izp23oiGZitsl9lPDPiTGXbcSIk1iJWhliSaglxnUg==

ensure-posix-path@^1.0.0:
  version "1.0.2"
  resolved "https://registry.yarnpkg.com/ensure-posix-path/-/ensure-posix-path-1.0.2.tgz#a65b3e42d0b71cfc585eb774f9943c8d9b91b0c2"
  integrity sha1-pls+QtC3HPxYXrd0+ZQ8jZuRsMI=

fs-tree-diff@^0.5.2:
  version "0.5.9"
  resolved "https://registry.yarnpkg.com/fs-tree-diff/-/fs-tree-diff-0.5.9.tgz#a4ec6182c2f5bd80b9b83c8e23e4522e6f5fd946"
  integrity sha512-872G8ax0kHh01m9n/2KDzgYwouKza0Ad9iFltBpNykvROvf2AGtoOzPJgGx125aolGPER3JuC7uZFrQ7bG1AZw==
  dependencies:
    heimdalljs-logger "^0.1.7"
    object-assign "^4.1.0"
    path-posix "^1.0.0"
    symlink-or-copy "^1.1.8"

fs.realpath@^1.0.0:
  version "1.0.0"
  resolved "https://registry.yarnpkg.com/fs.realpath/-/fs.realpath-1.0.0.tgz#1504ad2523158caa40db4a2787cb01411994ea4f"
  integrity sha1-FQStJSMVjKpA20onh8sBQRmU6k8=

glob@^5.0.10:
  version "5.0.15"
  resolved "https://registry.yarnpkg.com/glob/-/glob-5.0.15.tgz#1bc936b9e02f4a603fcc222ecf7633d30b8b93b1"
  integrity sha1-G8k2ueAvSmA/zCIuz3Yz0wuLk7E=
  dependencies:
    inflight "^1.0.4"
    inherits "2"
    minimatch "2 || 3"
    once "^1.3.0"
    path-is-absolute "^1.0.0"

glob@^7.0.5:
  version "7.1.3"
  resolved "https://registry.yarnpkg.com/glob/-/glob-7.1.3.tgz#3960832d3f1574108342dafd3a67b332c0969df1"
  integrity sha512-vcfuiIxogLV4DlGBHIUOwI0IbrJ8HWPc4MU7HzviGeNho/UJDfi6B5p3sHeWIQ0KGIU0Jpxi5ZHxemQfLkkAwQ==
  dependencies:
    fs.realpath "^1.0.0"
    inflight "^1.0.4"
    inherits "2"
    minimatch "^3.0.4"
    once "^1.3.0"
    path-is-absolute "^1.0.0"

hash-for-dep@^1.0.2:
  version "1.2.3"
  resolved "https://registry.yarnpkg.com/hash-for-dep/-/hash-for-dep-1.2.3.tgz#5ec69fca32c23523972d52acb5bb65ffc3664cab"
  integrity sha512-NE//rDaCFpWHViw30YM78OAGBShU+g4dnUGY3UWGyEzPOGYg/ptOjk32nEc+bC1xz+RfK5UIs6lOL6eQdrV4Ow==
  dependencies:
    broccoli-kitchen-sink-helpers "^0.3.1"
    heimdalljs "^0.2.3"
    heimdalljs-logger "^0.1.7"
    resolve "^1.4.0"

heimdalljs-logger@^0.1.7:
  version "0.1.10"
  resolved "https://registry.yarnpkg.com/heimdalljs-logger/-/heimdalljs-logger-0.1.10.tgz#90cad58aabb1590a3c7e640ddc6a4cd3a43faaf7"
  integrity sha512-pO++cJbhIufVI/fmB/u2Yty3KJD0TqNPecehFae0/eps0hkZ3b4Zc/PezUMOpYuHFQbA7FxHZxa305EhmjLj4g==
  dependencies:
    debug "^2.2.0"
    heimdalljs "^0.2.6"

heimdalljs@^0.2.1, heimdalljs@^0.2.3, heimdalljs@^0.2.6:
  version "0.2.6"
  resolved "https://registry.yarnpkg.com/heimdalljs/-/heimdalljs-0.2.6.tgz#b0eebabc412813aeb9542f9cc622cb58dbdcd9fe"
  integrity sha512-o9bd30+5vLBvBtzCPwwGqpry2+n0Hi6H1+qwt6y+0kwRHGGF8TFIhJPmnuM0xO97zaKrDZMwO/V56fAnn8m/tA==
  dependencies:
    rsvp "~3.2.1"

inflight@^1.0.4:
  version "1.0.6"
  resolved "https://registry.yarnpkg.com/inflight/-/inflight-1.0.6.tgz#49bd6331d7d02d0c09bc910a1075ba8165b56df9"
  integrity sha1-Sb1jMdfQLQwJvJEKEHW6gWW1bfk=
  dependencies:
    once "^1.3.0"
    wrappy "1"

inherits@2:
  version "2.0.3"
  resolved "https://registry.yarnpkg.com/inherits/-/inherits-2.0.3.tgz#633c2c83e3da42a502f52466022480f4208261de"
  integrity sha1-Yzwsg+PaQqUC9SRmAiSA9CCCYd4=

istextorbinary@2.1.0:
  version "2.1.0"
  resolved "https://registry.yarnpkg.com/istextorbinary/-/istextorbinary-2.1.0.tgz#dbed2a6f51be2f7475b68f89465811141b758874"
  integrity sha1-2+0qb1G+L3R1to+JRlgRFBt1iHQ=
  dependencies:
    binaryextensions "1 || 2"
    editions "^1.1.1"
    textextensions "1 || 2"

lodash-node@^2.4.1:
  version "2.4.1"
  resolved "https://registry.yarnpkg.com/lodash-node/-/lodash-node-2.4.1.tgz#ea82f7b100c733d1a42af76801e506105e2a80ec"
  integrity sha1-6oL3sQDHM9GkKvdoAeUGEF4qgOw=

lodash@^4.17.10:
  version "4.17.11"
  resolved "https://registry.yarnpkg.com/lodash/-/lodash-4.17.11.tgz#b39ea6229ef607ecd89e2c8df12536891cac9b8d"
  integrity sha512-cQKh8igo5QUhZ7lg38DYWAxMvjSAKG0A8wGSVimP07SIUEK2UO+arSRKbRZWtelMtN5V0Hkwh5ryOto/SshYIg==

matcher-collection@^1.0.0:
  version "1.0.5"
  resolved "https://registry.yarnpkg.com/matcher-collection/-/matcher-collection-1.0.5.tgz#2ee095438372cb8884f058234138c05c644ec339"
  integrity sha512-nUCmzKipcJEwYsBVAFh5P+d7JBuhJaW1xs85Hara9xuMLqtCVUrW6DSC0JVIkluxEH2W45nPBM/wjHtBXa/tYA==
  dependencies:
    minimatch "^3.0.2"

"minimatch@2 || 3", minimatch@^3.0.2, minimatch@^3.0.4:
  version "3.0.4"
  resolved "https://registry.yarnpkg.com/minimatch/-/minimatch-3.0.4.tgz#5166e286457f03306064be5497e8dbb0c3d32083"
  integrity sha512-yJHVQEhyqPLUTgt9B83PXu6W3rx4MvvHvSUvToogpwoGDOUQ+yDrR0HRot+yOCdCO7u4hX3pWft6kWBBcqh0UA==
  dependencies:
    brace-expansion "^1.1.7"

minimist@0.0.8:
  version "0.0.8"
  resolved "https://registry.yarnpkg.com/minimist/-/minimist-0.0.8.tgz#857fcabfc3397d2625b8228262e86aa7a011b05d"
  integrity sha1-hX/Kv8M5fSYluCKCYuhqp6ARsF0=

mkdirp@^0.5.0, mkdirp@^0.5.1:
  version "0.5.1"
  resolved "https://registry.yarnpkg.com/mkdirp/-/mkdirp-0.5.1.tgz#30057438eac6cf7f8c4767f38648d6697d75c903"
  integrity sha1-MAV0OOrGz3+MR2fzhkjWaX11yQM=
  dependencies:
    minimist "0.0.8"

mktemp@~0.4.0:
  version "0.4.0"
  resolved "https://registry.yarnpkg.com/mktemp/-/mktemp-0.4.0.tgz#6d0515611c8a8c84e484aa2000129b98e981ff0b"
  integrity sha1-bQUVYRyKjITkhKogABKbmOmB/ws=

ms@2.0.0:
  version "2.0.0"
  resolved "https://registry.yarnpkg.com/ms/-/ms-2.0.0.tgz#5608aeadfc00be6c2901df5f9861788de0d597c8"
  integrity sha1-VgiurfwAvmwpAd9fmGF4jeDVl8g=

object-assign@^4.1.0:
  version "4.1.1"
  resolved "https://registry.yarnpkg.com/object-assign/-/object-assign-4.1.1.tgz#2109adc7965887cfc05cbbd442cac8bfbb360863"
  integrity sha1-IQmtx5ZYh8/AXLvUQsrIv7s2CGM=

once@^1.3.0:
  version "1.4.0"
  resolved "https://registry.yarnpkg.com/once/-/once-1.4.0.tgz#583b1aa775961d4b113ac17d9c50baef9dd76bd1"
  integrity sha1-WDsap3WWHUsROsF9nFC6753Xa9E=
  dependencies:
    wrappy "1"

path-is-absolute@^1.0.0:
  version "1.0.1"
  resolved "https://registry.yarnpkg.com/path-is-absolute/-/path-is-absolute-1.0.1.tgz#174b9268735534ffbc7ace6bf53a5a9e1b5c5f5f"
  integrity sha1-F0uSaHNVNP+8es5r9TpanhtcX18=

path-parse@^1.0.5:
  version "1.0.6"
  resolved "https://registry.yarnpkg.com/path-parse/-/path-parse-1.0.6.tgz#d62dbb5679405d72c4737ec58600e9ddcf06d24c"
  integrity sha512-GSmOT2EbHrINBf9SR7CDELwlJ8AENk3Qn7OikK4nFYAu3Ote2+JYNVvkpAEQm3/TLNEJFD/xZJjzyxg3KBWOzw==

path-posix@^1.0.0:
  version "1.0.0"
  resolved "https://registry.yarnpkg.com/path-posix/-/path-posix-1.0.0.tgz#06b26113f56beab042545a23bfa88003ccac260f"
  integrity sha1-BrJhE/Vr6rBCVFojv6iAA8ysJg8=

promise-map-series@^0.2.1:
  version "0.2.3"
  resolved "https://registry.yarnpkg.com/promise-map-series/-/promise-map-series-0.2.3.tgz#c2d377afc93253f6bd03dbb77755eb88ab20a847"
  integrity sha1-wtN3r8kyU/a9A9u3d1XriKsgqEc=
  dependencies:
    rsvp "^3.0.14"

quick-temp@^0.1.3:
  version "0.1.8"
  resolved "https://registry.yarnpkg.com/quick-temp/-/quick-temp-0.1.8.tgz#bab02a242ab8fb0dd758a3c9776b32f9a5d94408"
  integrity sha1-urAqJCq4+w3XWKPJd2sy+aXZRAg=
  dependencies:
    mktemp "~0.4.0"
    rimraf "^2.5.4"
    underscore.string "~3.3.4"

resolve@^1.4.0:
  version "1.8.1"
  resolved "https://registry.yarnpkg.com/resolve/-/resolve-1.8.1.tgz#82f1ec19a423ac1fbd080b0bab06ba36e84a7a26"
  integrity sha512-AicPrAC7Qu1JxPCZ9ZgCZlY35QgFnNqc+0LtbRNxnVw4TXvjQ72wnuL9JQcEBgXkI9JM8MsT9kaQoHcpCRJOYA==
  dependencies:
    path-parse "^1.0.5"

rimraf@^2.3.4, rimraf@^2.5.3, rimraf@^2.5.4, rimraf@^2.6.1:
  version "2.6.2"
  resolved "https://registry.yarnpkg.com/rimraf/-/rimraf-2.6.2.tgz#2ed8150d24a16ea8651e6d6ef0f47c4158ce7a36"
  integrity sha512-lreewLK/BlghmxtfH36YYVg1i8IAce4TI7oao75I1g245+6BctqTVQiBP3YUJ9C6DQOXJmkYR9X9fCLtCOJc5w==
  dependencies:
    glob "^7.0.5"

rsvp@^3.0.14, rsvp@^3.0.18:
  version "3.6.2"
  resolved "https://registry.yarnpkg.com/rsvp/-/rsvp-3.6.2.tgz#2e96491599a96cde1b515d5674a8f7a91452926a"
  integrity sha512-OfWGQTb9vnwRjwtA2QwpG2ICclHC3pgXZO5xt8H2EfgDquO0qVdSb5T88L4qJVAEugbS56pAuV4XZM58UX8ulw==

rsvp@^4.7.0:
  version "4.8.4"
  resolved "https://registry.yarnpkg.com/rsvp/-/rsvp-4.8.4.tgz#b50e6b34583f3dd89329a2f23a8a2be072845911"
  integrity sha512-6FomvYPfs+Jy9TfXmBpBuMWNH94SgCsZmJKcanySzgNNP6LjWxBvyLTa9KaMfDDM5oxRfrKDB0r/qeRsLwnBfA==

rsvp@~3.2.1:
  version "3.2.1"
  resolved "https://registry.yarnpkg.com/rsvp/-/rsvp-3.2.1.tgz#07cb4a5df25add9e826ebc67dcc9fd89db27d84a"
  integrity sha1-B8tKXfJa3Z6Cbrxn3Mn9idsn2Eo=

sprintf-js@^1.0.3:
  version "1.1.1"
  resolved "https://registry.yarnpkg.com/sprintf-js/-/sprintf-js-1.1.1.tgz#36be78320afe5801f6cea3ee78b6e5aab940ea0c"
  integrity sha1-Nr54Mgr+WAH2zqPueLblqrlA6gw=

symlink-or-copy@^1.0.1, symlink-or-copy@^1.1.8:
  version "1.2.0"
  resolved "https://registry.yarnpkg.com/symlink-or-copy/-/symlink-or-copy-1.2.0.tgz#5d49108e2ab824a34069b68974486c290020b393"
  integrity sha512-W31+GLiBmU/ZR02Ii0mVZICuNEN9daZ63xZMPDsYgPgNjMtg+atqLEGI7PPI936jYSQZxoLb/63xos8Adrx4Eg==

"textextensions@1 || 2":
  version "2.4.0"
  resolved "https://registry.yarnpkg.com/textextensions/-/textextensions-2.4.0.tgz#6a143a985464384cc2cff11aea448cd5b018e72b"
  integrity sha512-qftQXnX1DzpSV8EddtHIT0eDDEiBF8ywhFYR2lI9xrGtxqKN+CvLXhACeCIGbCpQfxxERbrkZEFb8cZcDKbVZA==

underscore.string@~3.3.4:
  version "3.3.5"
  resolved "https://registry.yarnpkg.com/underscore.string/-/underscore.string-3.3.5.tgz#fc2ad255b8bd309e239cbc5816fd23a9b7ea4023"
  integrity sha512-g+dpmgn+XBneLmXXo+sGlW5xQEt4ErkS3mgeN2GFbremYeMBSJKr9Wf2KJplQVaiPY/f7FN6atosWYNm9ovrYg==
  dependencies:
    sprintf-js "^1.0.3"
    util-deprecate "^1.0.2"

username-sync@1.0.1:
  version "1.0.1"
  resolved "https://registry.yarnpkg.com/username-sync/-/username-sync-1.0.1.tgz#1cde87eefcf94b8822984d938ba2b797426dae1f"
  integrity sha1-HN6H7vz5S4gimE2Ti6K3l0Jtrh8=

util-deprecate@^1.0.2:
  version "1.0.2"
  resolved "https://registry.yarnpkg.com/util-deprecate/-/util-deprecate-1.0.2.tgz#450d4dc9fa70de732762fbd2d4a28981419a0ccf"
  integrity sha1-RQ1Nyfpw3nMnYvvS1KKJgUGaDM8=

walk-sync@^0.3.1:
  version "0.3.4"
  resolved "https://registry.yarnpkg.com/walk-sync/-/walk-sync-0.3.4.tgz#cf78486cc567d3a96b5b2237c6108017a5ffb9a4"
  integrity sha512-ttGcuHA/OBnN2pcM6johpYlEms7XpO5/fyKIr48541xXedan4roO8cS1Q2S/zbbjGH/BarYDAMeS2Mi9HE5Tig==
  dependencies:
    ensure-posix-path "^1.0.0"
    matcher-collection "^1.0.0"

wrappy@1:
  version "1.0.2"
  resolved "https://registry.yarnpkg.com/wrappy/-/wrappy-1.0.2.tgz#b5243d8f3ec1aa35f1364605bc0d1036e30ab69f"
  integrity sha1-tSQ9jz7BqjXxNkYFvA0QNuMKtp8=
